
Microsoft Visual Studio Solution File, Format Version 12.00
# Visual Studio Version 17
VisualStudioVersion = 17.0.32014.148
MinimumVisualStudioVersion = 10.0.40219.1
Project("{FAE04EC0-301F-11D3-BF4B-00C04F79EFBC}") = "ConApp.samirani", "ConApp.samirani\ConApp.samirani.csproj", "{D61D6F99-14B4-4431-83A9-AADE7C65E191}"
EndProject
Global
	GlobalSection(SolutionConfigurationPlatforms) = preSolution
		Debug|Any CPU = Debug|Any CPU
		Release|Any CPU = Release|Any CPU
	EndGlobalSection
	GlobalSection(ProjectConfigurationPlatforms) = postSolution
		{D61D6F99-14B4-4431-83A9-AADE7C65E191}.Debug|Any CPU.ActiveCfg = Debug|Any CPU
		{D61D6F99-14B4-4431-83A9-AADE7C65E191}.Debug|Any CPU.Build.0 = Debug|Any CPU
		{D61D6F99-14B4-4431-83A9-AADE7C65E191}.Release|Any CPU.ActiveCfg = Release|Any CPU
		{D61D6F99-14B4-4431-83A9-AADE7C65E191}.Release|Any CPU.Build.0 = Release|Any CPU
	EndGlobalSection
	GlobalSection(SolutionProperties) = preSolution
		HideSolutionNode = FALSE
	EndGlobalSection
	GlobalSection(ExtensibilityGlobals) = postSolution
		SolutionGuid = {11BD0E8D-F696-4ABE-89B7-AEBBC77CD0B9}
	EndGlobalSection
EndGlobal
